PODS:
  - Gifu (3.3)
  - Nimble (9.0.0)
  - OHHTTPStubs (9.1.0):
    - OHHTTPStubs/Default (= 9.1.0)
  - OHHTTPStubs/Core (9.1.0)
  - OHHTTPStubs/Default (9.1.0):
    - OHHTTPStubs/Core
    - OHHTTPStubs/JSON
    - OHHTTPStubs/NSURLSession
    - OHHTTPStubs/OHPathHelpers
  - OHHTTPStubs/JSON (9.1.0):
    - OHHTTPStubs/Core
  - OHHTTPStubs/NSURLSession (9.1.0):
    - OHHTTPStubs/Core
  - OHHTTPStubs/OHPathHelpers (9.1.0)
  - OHHTTPStubs/Swift (9.1.0):
    - OHHTTPStubs/Default
  - RxBlocking (6.1.0):
    - RxSwift (= 6.1.0)
  - RxNimble (5.1.0):
    - RxNimble/RxBlocking (= 5.1.0)
  - RxNimble/Core (5.1.0):
    - Nimble (~> 9.0)
    - RxSwift (~> 6.0)
  - RxNimble/RxBlocking (5.1.0):
    - RxBlocking
    - RxNimble/Core
  - RxSwift (6.1.0)
  - SwiftyJSON (5.0.0)

DEPENDENCIES:
  - Gifu
  - Nimble
  - OHHTTPStubs
  - OHHTTPStubs/Swift
  - RxBlocking
  - RxNimble
  - RxSwift
  - SwiftyJSON

SPEC REPOS:
  trunk:
    - Gifu
    - Nimble
    - OHHTTPStubs
    - RxBlocking
    - RxNimble
    - RxSwift
    - SwiftyJSON

SPEC CHECKSUMS:
  Gifu: 97c2a3c3865fbc834ab13f797e2e8e7729a1853c
  Nimble: 3b4ec3fd40f1dc178058e0981107721c615643d8
  OHHTTPStubs: 90eac6d8f2c18317baeca36698523dc67c513831
  RxBlocking: 602095fba0bce7b16b56ccec89edf780c248b7d9
  RxNimble: 620df279d9e3b2c1dbbc76c6c875a0d8b107de49
  RxSwift: a834e5c538e89eca0cae86f403f4fbf0336786ce
  SwiftyJSON: 36413e04c44ee145039d332b4f4e2d3e8d6c4db7

PODFILE CHECKSUM: 93516be971d17fe93437f30e3430e5f6bc324c36

COCOAPODS: 1.10.0
